
Microsoft Visual Studio Solution File, Format Version 12.00
# Visual Studio 14
VisualStudioVersion = 14.0.25420.1
MinimumVisualStudioVersion = 10.0.40219.1
Project("{FAE04EC0-301F-11D3-BF4B-00C04F79EFBC}") = "Price-compare-web", "Price-compare-web\Price-compare-web.csproj", "{B6519795-FF98-4EEF-ADB0-8A92EE555138}"
EndProject
Project("{FAE04EC0-301F-11D3-BF4B-00C04F79EFBC}") = "PriceCompareLogic", "PriceCompareLogic\PriceCompareLogic.csproj", "{4F6EBA17-1487-42B6-B551-49909545C24B}"
EndProject
Global
	GlobalSection(SolutionConfigurationPlatforms) = preSolution
		Debug|Any CPU = Debug|Any CPU
		Release|Any CPU = Release|Any CPU
	EndGlobalSection
	GlobalSection(ProjectConfigurationPlatforms) = postSolution
		{B6519795-FF98-4EEF-ADB0-8A92EE555138}.Debug|Any CPU.ActiveCfg = Debug|Any CPU
		{B6519795-FF98-4EEF-ADB0-8A92EE555138}.Debug|Any CPU.Build.0 = Debug|Any CPU
		{B6519795-FF98-4EEF-ADB0-8A92EE555138}.Release|Any CPU.ActiveCfg = Release|Any CPU
		{B6519795-FF98-4EEF-ADB0-8A92EE555138}.Release|Any CPU.Build.0 = Release|Any CPU
		{4F6EBA17-1487-42B6-B551-49909545C24B}.Debug|Any CPU.ActiveCfg = Debug|Any CPU
		{4F6EBA17-1487-42B6-B551-49909545C24B}.Debug|Any CPU.Build.0 = Debug|Any CPU
		{4F6EBA17-1487-42B6-B551-49909545C24B}.Release|Any CPU.ActiveCfg = Release|Any CPU
		{4F6EBA17-1487-42B6-B551-49909545C24B}.Release|Any CPU.Build.0 = Release|Any CPU
	EndGlobalSection
	GlobalSection(SolutionProperties) = preSolution
		HideSolutionNode = FALSE
	EndGlobalSection
EndGlobal
